PODS:
  - TJQDraggingScrollView (0.1.0)

DEPENDENCIES:
  - TJQDraggingScrollView (from `../`)

EXTERNAL SOURCES:
  TJQDraggingScrollView:
    :path: "../"

SPEC CHECKSUMS:
  TJQDraggingScrollView: a8ba1a0eab2bcd8745df1b0f645e3221f19435b8

PODFILE CHECKSUM: b880e4269aa26fd186e717f7b52c05814cb86509

COCOAPODS: 1.0.1
